
Microsoft Visual Studio Solution File, Format Version 12.00
# Visual Studio Version 17
VisualStudioVersion = 17.13.35828.75
MinimumVisualStudioVersion = 10.0.40219.1
Project("{FAE04EC0-301F-11D3-BF4B-00C04F79EFBC}") = "UrlShortener.App.Backend", "UrlShortener.App.Backend\UrlShortener.App.Backend.csproj", "{CED69A6E-0130-49FE-829E-8CFAAB7B8D54}"
EndProject
Project("{FAE04EC0-301F-11D3-BF4B-00C04F79EFBC}") = "UrlShortener.App.Shared", "UrlShortener.App.Shared\UrlShortener.App.Shared.csproj", "{0F96F352-287F-498F-B35F-026EA4925A4D}"
EndProject
Project("{2150E333-8FDC-42A3-9474-1A3956D46DE8}") = "Projektmappenelemente", "Projektmappenelemente", "{84D27F74-D2BA-6C25-2661-968F101900D9}"
	ProjectSection(SolutionItems) = preProject
		.gitignore = .gitignore
		docker-compose.yml = docker-compose.yml
		README.md = README.md
		.github\workflows\workflow.yml = .github\workflows\workflow.yml
	EndProjectSection
EndProject
Project("{2150E333-8FDC-42A3-9474-1A3956D46DE8}") = ".docs", ".docs", "{02EA681E-C7D8-13C7-8484-4AC65E1B71E8}"
	ProjectSection(SolutionItems) = preProject
		.docs\ARC42.md = .docs\ARC42.md
		.docs\DECISIONS.md = .docs\DECISIONS.md
	EndProjectSection
EndProject
Project("{FAE04EC0-301F-11D3-BF4B-00C04F79EFBC}") = "UrlShortener.Test.Backend", "UrlShortener.Test.Backend\UrlShortener.Test.Backend.csproj", "{22106018-844E-5D4D-DCC0-68A5CE3A6A59}"
EndProject
Project("{FAE04EC0-301F-11D3-BF4B-00C04F79EFBC}") = "UrlShortener.Test.Frontend", "UrlShortener.Test.Frontend\UrlShortener.Test.Frontend.csproj", "{DF0D455D-112C-5D43-F1B3-20B06DB47354}"
EndProject
Project("{2150E333-8FDC-42A3-9474-1A3956D46DE8}") = "test", "test", "{98A901AA-7DEF-4AA1-A364-B5CA3C784779}"
EndProject
Project("{2150E333-8FDC-42A3-9474-1A3956D46DE8}") = "src", "src", "{49FA8667-2BE0-4E47-A256-C2332498979A}"
EndProject
Project("{FAE04EC0-301F-11D3-BF4B-00C04F79EFBC}") = "UrlShortener.App.Blazor", "UrlShortener.App.Blazor\UrlShortener.App.Blazor\UrlShortener.App.Blazor.csproj", "{A66727BB-81DE-4AC3-98FB-E511572DDE24}"
EndProject
Project("{FAE04EC0-301F-11D3-BF4B-00C04F79EFBC}") = "UrlShortener.App.Blazor.Client", "UrlShortener.App.Blazor\UrlShortener.App.Blazor.Client\UrlShortener.App.Blazor.Client.csproj", "{881FA082-0BE4-4378-A062-4A3948A9EC71}"
EndProject
Project("{2150E333-8FDC-42A3-9474-1A3956D46DE8}") = "backend", "backend", "{99B3FEC7-5F6A-4B7A-9474-45454C55F380}"
EndProject
Project("{2150E333-8FDC-42A3-9474-1A3956D46DE8}") = "frontend", "frontend", "{8E561566-AEA4-4409-ABAA-861028262636}"
EndProject
Project("{FAE04EC0-301F-11D3-BF4B-00C04F79EFBC}") = "UrlShortener.Test.End2End", "UrlShortener.Test.End2End\UrlShortener.Test.End2End.csproj", "{F4D6C423-BFE8-952D-D5AC-9B0763A0CDF2}"
EndProject
Project("{FAE04EC0-301F-11D3-BF4B-00C04F79EFBC}") = "UrlShortener.Test.Shared", "UrlShortener.Test.Shared\UrlShortener.Test.Shared.csproj", "{609C5B4C-3FC3-4CD6-94E2-A2AAEEE1B292}"
EndProject
Global
	GlobalSection(SolutionConfigurationPlatforms) = preSolution
		Debug|Any CPU = Debug|Any CPU
		Release|Any CPU = Release|Any CPU
	EndGlobalSection
	GlobalSection(ProjectConfigurationPlatforms) = postSolution
		{CED69A6E-0130-49FE-829E-8CFAAB7B8D54}.Debug|Any CPU.ActiveCfg = Debug|Any CPU
		{CED69A6E-0130-49FE-829E-8CFAAB7B8D54}.Debug|Any CPU.Build.0 = Debug|Any CPU
		{CED69A6E-0130-49FE-829E-8CFAAB7B8D54}.Release|Any CPU.ActiveCfg = Release|Any CPU
		{CED69A6E-0130-49FE-829E-8CFAAB7B8D54}.Release|Any CPU.Build.0 = Release|Any CPU
		{0F96F352-287F-498F-B35F-026EA4925A4D}.Debug|Any CPU.ActiveCfg = Debug|Any CPU
		{0F96F352-287F-498F-B35F-026EA4925A4D}.Debug|Any CPU.Build.0 = Debug|Any CPU
		{0F96F352-287F-498F-B35F-026EA4925A4D}.Release|Any CPU.ActiveCfg = Release|Any CPU
		{0F96F352-287F-498F-B35F-026EA4925A4D}.Release|Any CPU.Build.0 = Release|Any CPU
		{22106018-844E-5D4D-DCC0-68A5CE3A6A59}.Debug|Any CPU.ActiveCfg = Debug|Any CPU
		{22106018-844E-5D4D-DCC0-68A5CE3A6A59}.Debug|Any CPU.Build.0 = Debug|Any CPU
		{22106018-844E-5D4D-DCC0-68A5CE3A6A59}.Release|Any CPU.ActiveCfg = Release|Any CPU
		{22106018-844E-5D4D-DCC0-68A5CE3A6A59}.Release|Any CPU.Build.0 = Release|Any CPU
		{DF0D455D-112C-5D43-F1B3-20B06DB47354}.Debug|Any CPU.ActiveCfg = Debug|Any CPU
		{DF0D455D-112C-5D43-F1B3-20B06DB47354}.Debug|Any CPU.Build.0 = Debug|Any CPU
		{DF0D455D-112C-5D43-F1B3-20B06DB47354}.Release|Any CPU.ActiveCfg = Release|Any CPU
		{DF0D455D-112C-5D43-F1B3-20B06DB47354}.Release|Any CPU.Build.0 = Release|Any CPU
		{A66727BB-81DE-4AC3-98FB-E511572DDE24}.Debug|Any CPU.ActiveCfg = Debug|Any CPU
		{A66727BB-81DE-4AC3-98FB-E511572DDE24}.Debug|Any CPU.Build.0 = Debug|Any CPU
		{A66727BB-81DE-4AC3-98FB-E511572DDE24}.Release|Any CPU.ActiveCfg = Release|Any CPU
		{A66727BB-81DE-4AC3-98FB-E511572DDE24}.Release|Any CPU.Build.0 = Release|Any CPU
		{881FA082-0BE4-4378-A062-4A3948A9EC71}.Debug|Any CPU.ActiveCfg = Debug|Any CPU
		{881FA082-0BE4-4378-A062-4A3948A9EC71}.Debug|Any CPU.Build.0 = Debug|Any CPU
		{881FA082-0BE4-4378-A062-4A3948A9EC71}.Release|Any CPU.ActiveCfg = Release|Any CPU
		{881FA082-0BE4-4378-A062-4A3948A9EC71}.Release|Any CPU.Build.0 = Release|Any CPU
		{F4D6C423-BFE8-952D-D5AC-9B0763A0CDF2}.Debug|Any CPU.ActiveCfg = Debug|Any CPU
		{F4D6C423-BFE8-952D-D5AC-9B0763A0CDF2}.Debug|Any CPU.Build.0 = Debug|Any CPU
		{F4D6C423-BFE8-952D-D5AC-9B0763A0CDF2}.Release|Any CPU.ActiveCfg = Release|Any CPU
		{F4D6C423-BFE8-952D-D5AC-9B0763A0CDF2}.Release|Any CPU.Build.0 = Release|Any CPU
		{609C5B4C-3FC3-4CD6-94E2-A2AAEEE1B292}.Debug|Any CPU.ActiveCfg = Debug|Any CPU
		{609C5B4C-3FC3-4CD6-94E2-A2AAEEE1B292}.Debug|Any CPU.Build.0 = Debug|Any CPU
		{609C5B4C-3FC3-4CD6-94E2-A2AAEEE1B292}.Release|Any CPU.ActiveCfg = Release|Any CPU
		{609C5B4C-3FC3-4CD6-94E2-A2AAEEE1B292}.Release|Any CPU.Build.0 = Release|Any CPU
	EndGlobalSection
	GlobalSection(SolutionProperties) = preSolution
		HideSolutionNode = FALSE
	EndGlobalSection
	GlobalSection(NestedProjects) = preSolution
		{CED69A6E-0130-49FE-829E-8CFAAB7B8D54} = {99B3FEC7-5F6A-4B7A-9474-45454C55F380}
		{0F96F352-287F-498F-B35F-026EA4925A4D} = {49FA8667-2BE0-4E47-A256-C2332498979A}
		{02EA681E-C7D8-13C7-8484-4AC65E1B71E8} = {84D27F74-D2BA-6C25-2661-968F101900D9}
		{22106018-844E-5D4D-DCC0-68A5CE3A6A59} = {98A901AA-7DEF-4AA1-A364-B5CA3C784779}
		{DF0D455D-112C-5D43-F1B3-20B06DB47354} = {98A901AA-7DEF-4AA1-A364-B5CA3C784779}
		{A66727BB-81DE-4AC3-98FB-E511572DDE24} = {8E561566-AEA4-4409-ABAA-861028262636}
		{881FA082-0BE4-4378-A062-4A3948A9EC71} = {8E561566-AEA4-4409-ABAA-861028262636}
		{99B3FEC7-5F6A-4B7A-9474-45454C55F380} = {49FA8667-2BE0-4E47-A256-C2332498979A}
		{8E561566-AEA4-4409-ABAA-861028262636} = {49FA8667-2BE0-4E47-A256-C2332498979A}
		{F4D6C423-BFE8-952D-D5AC-9B0763A0CDF2} = {98A901AA-7DEF-4AA1-A364-B5CA3C784779}
		{609C5B4C-3FC3-4CD6-94E2-A2AAEEE1B292} = {98A901AA-7DEF-4AA1-A364-B5CA3C784779}
	EndGlobalSection
	GlobalSection(ExtensibilityGlobals) = postSolution
		SolutionGuid = {8E4798B1-D86A-4277-A60B-8772976A1C63}
	EndGlobalSection
EndGlobal
