
Microsoft Visual Studio Solution File, Format Version 12.00
# Visual Studio Version 17
VisualStudioVersion = 17.13.35828.75
MinimumVisualStudioVersion = 10.0.40219.1
Project("{FAE04EC0-301F-11D3-BF4B-00C04F79EFBC}") = "UrlShortener.App.Backend", "UrlShortener.App.Backend\UrlShortener.App.Backend.csproj", "{CED69A6E-0130-49FE-829E-8CFAAB7B8D54}"
EndProject
Project("{FAE04EC0-301F-11D3-BF4B-00C04F79EFBC}") = "UrlShortener.App.Shared", "UrlShortener.App.Shared\UrlShortener.App.Shared.csproj", "{0F96F352-287F-498F-B35F-026EA4925A4D}"
EndProject
Project("{2150E333-8FDC-42A3-9474-1A3956D46DE8}") = "Projektmappenelemente", "Projektmappenelemente", "{84D27F74-D2BA-6C25-2661-968F101900D9}"
	ProjectSection(SolutionItems) = preProject
		.gitignore = .gitignore
		docker-compose.yml = docker-compose.yml
		README.md = README.md
		sonar-project.properties = sonar-project.properties
		.github\workflows\workflow.yml = .github\workflows\workflow.yml
	EndProjectSection
EndProject
Project("{FAE04EC0-301F-11D3-BF4B-00C04F79EFBC}") = "UrlShortener.App.Frontend", "UrlShortener.App.Frontend\UrlShortener.App.Frontend.csproj", "{3DC1323C-AB57-499C-A6DA-9FAB5F8AA01F}"
EndProject
Project("{2150E333-8FDC-42A3-9474-1A3956D46DE8}") = ".docs", ".docs", "{02EA681E-C7D8-13C7-8484-4AC65E1B71E8}"
	ProjectSection(SolutionItems) = preProject
		DECISIONS.md = DECISIONS.md
	EndProjectSection
EndProject
Project("{FAE04EC0-301F-11D3-BF4B-00C04F79EFBC}") = "UrlShortener.Test.Backend", "UrlShortener.Test.Backend\UrlShortener.Test.Backend.csproj", "{22106018-844E-5D4D-DCC0-68A5CE3A6A59}"
EndProject
Project("{FAE04EC0-301F-11D3-BF4B-00C04F79EFBC}") = "UrlShortener.Test.Frontend", "UrlShortener.Test.Frontend\UrlShortener.Test.Frontend.csproj", "{DF0D455D-112C-5D43-F1B3-20B06DB47354}"
EndProject
Global
	GlobalSection(SolutionConfigurationPlatforms) = preSolution
		Debug|Any CPU = Debug|Any CPU
		Release|Any CPU = Release|Any CPU
	EndGlobalSection
	GlobalSection(ProjectConfigurationPlatforms) = postSolution
		{CED69A6E-0130-49FE-829E-8CFAAB7B8D54}.Debug|Any CPU.ActiveCfg = Debug|Any CPU
		{CED69A6E-0130-49FE-829E-8CFAAB7B8D54}.Debug|Any CPU.Build.0 = Debug|Any CPU
		{CED69A6E-0130-49FE-829E-8CFAAB7B8D54}.Release|Any CPU.ActiveCfg = Release|Any CPU
		{CED69A6E-0130-49FE-829E-8CFAAB7B8D54}.Release|Any CPU.Build.0 = Release|Any CPU
		{0F96F352-287F-498F-B35F-026EA4925A4D}.Debug|Any CPU.ActiveCfg = Debug|Any CPU
		{0F96F352-287F-498F-B35F-026EA4925A4D}.Debug|Any CPU.Build.0 = Debug|Any CPU
		{0F96F352-287F-498F-B35F-026EA4925A4D}.Release|Any CPU.ActiveCfg = Release|Any CPU
		{0F96F352-287F-498F-B35F-026EA4925A4D}.Release|Any CPU.Build.0 = Release|Any CPU
		{3DC1323C-AB57-499C-A6DA-9FAB5F8AA01F}.Debug|Any CPU.ActiveCfg = Debug|Any CPU
		{3DC1323C-AB57-499C-A6DA-9FAB5F8AA01F}.Debug|Any CPU.Build.0 = Debug|Any CPU
		{3DC1323C-AB57-499C-A6DA-9FAB5F8AA01F}.Release|Any CPU.ActiveCfg = Release|Any CPU
		{3DC1323C-AB57-499C-A6DA-9FAB5F8AA01F}.Release|Any CPU.Build.0 = Release|Any CPU
		{22106018-844E-5D4D-DCC0-68A5CE3A6A59}.Debug|Any CPU.ActiveCfg = Debug|Any CPU
		{22106018-844E-5D4D-DCC0-68A5CE3A6A59}.Debug|Any CPU.Build.0 = Debug|Any CPU
		{22106018-844E-5D4D-DCC0-68A5CE3A6A59}.Release|Any CPU.ActiveCfg = Release|Any CPU
		{22106018-844E-5D4D-DCC0-68A5CE3A6A59}.Release|Any CPU.Build.0 = Release|Any CPU
		{DF0D455D-112C-5D43-F1B3-20B06DB47354}.Debug|Any CPU.ActiveCfg = Debug|Any CPU
		{DF0D455D-112C-5D43-F1B3-20B06DB47354}.Debug|Any CPU.Build.0 = Debug|Any CPU
		{DF0D455D-112C-5D43-F1B3-20B06DB47354}.Release|Any CPU.ActiveCfg = Release|Any CPU
		{DF0D455D-112C-5D43-F1B3-20B06DB47354}.Release|Any CPU.Build.0 = Release|Any CPU
	EndGlobalSection
	GlobalSection(SolutionProperties) = preSolution
		HideSolutionNode = FALSE
	EndGlobalSection
	GlobalSection(NestedProjects) = preSolution
		{02EA681E-C7D8-13C7-8484-4AC65E1B71E8} = {84D27F74-D2BA-6C25-2661-968F101900D9}
	EndGlobalSection
	GlobalSection(ExtensibilityGlobals) = postSolution
		SolutionGuid = {8E4798B1-D86A-4277-A60B-8772976A1C63}
	EndGlobalSection
EndGlobal
